<?xml version="1.0" encoding="UTF-8"?>
<CodeBlocks_project_file>
	<FileVersion major="1" minor="6"/>
	<Project>
		<Option title="ReplicatedSecretSharing3Parties"/>
		<Option makefile_is_custom="1"/>
		<Option compiler="gcc"/>
		<Option virtualFolders="CMake Files\;"/>
		<Build>
			<Target title="all">
				<Option working_dir="/home/liork/libscapi/protocols/ReplicatedSecretSharing3Parties"/>
				<Option type="4"/>
				<MakeCommands>
					<Build command="/usr/bin/make -j4 -f &quot;/home/liork/libscapi/protocols/ReplicatedSecretSharing3Parties/Makefile&quot;  VERBOSE=1 all"/>
					<CompileFile command="/usr/bin/make -j4 -f &quot;/home/liork/libscapi/protocols/ReplicatedSecretSharing3Parties/Makefile&quot;  VERBOSE=1 &quot;$file&quot;"/>
					<Clean command="/usr/bin/make -j4 -f &quot;/home/liork/libscapi/protocols/ReplicatedSecretSharing3Parties/Makefile&quot;  VERBOSE=1 clean"/>
					<DistClean command="/usr/bin/make -j4 -f &quot;/home/liork/libscapi/protocols/ReplicatedSecretSharing3Parties/Makefile&quot;  VERBOSE=1 clean"/>
				</MakeCommands>
			</Target>
			<Target title="rebuild_cache">
				<Option working_dir="/home/liork/libscapi/protocols/ReplicatedSecretSharing3Parties"/>
				<Option type="4"/>
				<MakeCommands>
					<Build command="/usr/bin/make -j4 -f &quot;/home/liork/libscapi/protocols/ReplicatedSecretSharing3Parties/Makefile&quot;  VERBOSE=1 rebuild_cache"/>
					<CompileFile command="/usr/bin/make -j4 -f &quot;/home/liork/libscapi/protocols/ReplicatedSecretSharing3Parties/Makefile&quot;  VERBOSE=1 &quot;$file&quot;"/>
					<Clean command="/usr/bin/make -j4 -f &quot;/home/liork/libscapi/protocols/ReplicatedSecretSharing3Parties/Makefile&quot;  VERBOSE=1 clean"/>
					<DistClean command="/usr/bin/make -j4 -f &quot;/home/liork/libscapi/protocols/ReplicatedSecretSharing3Parties/Makefile&quot;  VERBOSE=1 clean"/>
				</MakeCommands>
			</Target>
			<Target title="edit_cache">
				<Option working_dir="/home/liork/libscapi/protocols/ReplicatedSecretSharing3Parties"/>
				<Option type="4"/>
				<MakeCommands>
					<Build command="/usr/bin/make -j4 -f &quot;/home/liork/libscapi/protocols/ReplicatedSecretSharing3Parties/Makefile&quot;  VERBOSE=1 edit_cache"/>
					<CompileFile command="/usr/bin/make -j4 -f &quot;/home/liork/libscapi/protocols/ReplicatedSecretSharing3Parties/Makefile&quot;  VERBOSE=1 &quot;$file&quot;"/>
					<Clean command="/usr/bin/make -j4 -f &quot;/home/liork/libscapi/protocols/ReplicatedSecretSharing3Parties/Makefile&quot;  VERBOSE=1 clean"/>
					<DistClean command="/usr/bin/make -j4 -f &quot;/home/liork/libscapi/protocols/ReplicatedSecretSharing3Parties/Makefile&quot;  VERBOSE=1 clean"/>
				</MakeCommands>
			</Target>
			<Target title="ReplicatedSecretSharing3Parties">
				<Option output="/home/liork/libscapi/protocols/ReplicatedSecretSharing3Parties/ReplicatedSecretSharing3Parties" prefix_auto="0" extension_auto="0"/>
				<Option working_dir="/home/liork/libscapi/protocols/ReplicatedSecretSharing3Parties"/>
				<Option object_output="./"/>
				<Option type="1"/>
				<Option compiler="gcc"/>
				<Compiler>
					<Add directory="/home/liork/ntl-9.10.0/include"/>
					<Add directory="/home/liork"/>
					<Add directory="/home/liork/libscapi/lib/OTExtensionBristol"/>
					<Add directory="/home/liork/libscapi/install/include"/>
					<Add directory="/usr/include/c++/7"/>
					<Add directory="/usr/include/x86_64-linux-gnu/c++/7"/>
					<Add directory="/usr/include/c++/7/backward"/>
					<Add directory="/usr/lib/gcc/x86_64-linux-gnu/7/include"/>
					<Add directory="/usr/local/include"/>
					<Add directory="/usr/lib/gcc/x86_64-linux-gnu/7/include-fixed"/>
					<Add directory="/usr/include/x86_64-linux-gnu"/>
					<Add directory="/usr/include"/>
				</Compiler>
				<MakeCommands>
					<Build command="/usr/bin/make -j4 -f &quot;/home/liork/libscapi/protocols/ReplicatedSecretSharing3Parties/Makefile&quot;  VERBOSE=1 ReplicatedSecretSharing3Parties"/>
					<CompileFile command="/usr/bin/make -j4 -f &quot;/home/liork/libscapi/protocols/ReplicatedSecretSharing3Parties/Makefile&quot;  VERBOSE=1 &quot;$file&quot;"/>
					<Clean command="/usr/bin/make -j4 -f &quot;/home/liork/libscapi/protocols/ReplicatedSecretSharing3Parties/Makefile&quot;  VERBOSE=1 clean"/>
					<DistClean command="/usr/bin/make -j4 -f &quot;/home/liork/libscapi/protocols/ReplicatedSecretSharing3Parties/Makefile&quot;  VERBOSE=1 clean"/>
				</MakeCommands>
			</Target>
			<Target title="ReplicatedSecretSharing3Parties/fast">
				<Option output="/home/liork/libscapi/protocols/ReplicatedSecretSharing3Parties/ReplicatedSecretSharing3Parties" prefix_auto="0" extension_auto="0"/>
				<Option working_dir="/home/liork/libscapi/protocols/ReplicatedSecretSharing3Parties"/>
				<Option object_output="./"/>
				<Option type="1"/>
				<Option compiler="gcc"/>
				<Compiler>
					<Add directory="/home/liork/ntl-9.10.0/include"/>
					<Add directory="/home/liork"/>
					<Add directory="/home/liork/libscapi/lib/OTExtensionBristol"/>
					<Add directory="/home/liork/libscapi/install/include"/>
					<Add directory="/usr/include/c++/7"/>
					<Add directory="/usr/include/x86_64-linux-gnu/c++/7"/>
					<Add directory="/usr/include/c++/7/backward"/>
					<Add directory="/usr/lib/gcc/x86_64-linux-gnu/7/include"/>
					<Add directory="/usr/local/include"/>
					<Add directory="/usr/lib/gcc/x86_64-linux-gnu/7/include-fixed"/>
					<Add directory="/usr/include/x86_64-linux-gnu"/>
					<Add directory="/usr/include"/>
				</Compiler>
				<MakeCommands>
					<Build command="/usr/bin/make -j4 -f &quot;/home/liork/libscapi/protocols/ReplicatedSecretSharing3Parties/Makefile&quot;  VERBOSE=1 ReplicatedSecretSharing3Parties/fast"/>
					<CompileFile command="/usr/bin/make -j4 -f &quot;/home/liork/libscapi/protocols/ReplicatedSecretSharing3Parties/Makefile&quot;  VERBOSE=1 &quot;$file&quot;"/>
					<Clean command="/usr/bin/make -j4 -f &quot;/home/liork/libscapi/protocols/ReplicatedSecretSharing3Parties/Makefile&quot;  VERBOSE=1 clean"/>
					<DistClean command="/usr/bin/make -j4 -f &quot;/home/liork/libscapi/protocols/ReplicatedSecretSharing3Parties/Makefile&quot;  VERBOSE=1 clean"/>
				</MakeCommands>
			</Target>
		</Build>
		<Unit filename="/home/liork/libscapi/protocols/ReplicatedSecretSharing3Parties/AES_PRG.cpp">
			<Option target="ReplicatedSecretSharing3Parties"/>
		</Unit>
		<Unit filename="/home/liork/libscapi/protocols/ReplicatedSecretSharing3Parties/AES_PRG.h">
			<Option target="ReplicatedSecretSharing3Parties"/>
		</Unit>
		<Unit filename="/home/liork/libscapi/protocols/ReplicatedSecretSharing3Parties/ArithmeticCircuit.cpp">
			<Option target="ReplicatedSecretSharing3Parties"/>
		</Unit>
		<Unit filename="/home/liork/libscapi/protocols/ReplicatedSecretSharing3Parties/ArithmeticCircuit.h">
			<Option target="ReplicatedSecretSharing3Parties"/>
		</Unit>
		<Unit filename="/home/liork/libscapi/protocols/ReplicatedSecretSharing3Parties/HIM.cpp">
			<Option target="ReplicatedSecretSharing3Parties"/>
		</Unit>
		<Unit filename="/home/liork/libscapi/protocols/ReplicatedSecretSharing3Parties/HIM.h">
			<Option target="ReplicatedSecretSharing3Parties"/>
		</Unit>
		<Unit filename="/home/liork/libscapi/protocols/ReplicatedSecretSharing3Parties/HashEncrypt.cpp">
			<Option target="ReplicatedSecretSharing3Parties"/>
		</Unit>
		<Unit filename="/home/liork/libscapi/protocols/ReplicatedSecretSharing3Parties/HashEncrypt.h">
			<Option target="ReplicatedSecretSharing3Parties"/>
		</Unit>
		<Unit filename="/home/liork/libscapi/protocols/ReplicatedSecretSharing3Parties/Protocol.cpp">
			<Option target="ReplicatedSecretSharing3Parties"/>
		</Unit>
		<Unit filename="/home/liork/libscapi/protocols/ReplicatedSecretSharing3Parties/Protocol.h">
			<Option target="ReplicatedSecretSharing3Parties"/>
		</Unit>
		<Unit filename="/home/liork/libscapi/protocols/ReplicatedSecretSharing3Parties/ProtocolTimer.cpp">
			<Option target="ReplicatedSecretSharing3Parties"/>
		</Unit>
		<Unit filename="/home/liork/libscapi/protocols/ReplicatedSecretSharing3Parties/ProtocolTimer.h">
			<Option target="ReplicatedSecretSharing3Parties"/>
		</Unit>
		<Unit filename="/home/liork/libscapi/protocols/ReplicatedSecretSharing3Parties/TemplateField.cpp">
			<Option target="ReplicatedSecretSharing3Parties"/>
		</Unit>
		<Unit filename="/home/liork/libscapi/protocols/ReplicatedSecretSharing3Parties/TemplateField.h">
			<Option target="ReplicatedSecretSharing3Parties"/>
		</Unit>
		<Unit filename="/home/liork/libscapi/protocols/ReplicatedSecretSharing3Parties/VDM.cpp">
			<Option target="ReplicatedSecretSharing3Parties"/>
		</Unit>
		<Unit filename="/home/liork/libscapi/protocols/ReplicatedSecretSharing3Parties/VDM.h">
			<Option target="ReplicatedSecretSharing3Parties"/>
		</Unit>
		<Unit filename="/home/liork/libscapi/protocols/ReplicatedSecretSharing3Parties/ZpGMPElement.cpp">
			<Option target="ReplicatedSecretSharing3Parties"/>
		</Unit>
		<Unit filename="/home/liork/libscapi/protocols/ReplicatedSecretSharing3Parties/ZpGMPElement.h">
			<Option target="ReplicatedSecretSharing3Parties"/>
		</Unit>
		<Unit filename="/home/liork/libscapi/protocols/ReplicatedSecretSharing3Parties/ZpKaratsubaElement.cpp">
			<Option target="ReplicatedSecretSharing3Parties"/>
		</Unit>
		<Unit filename="/home/liork/libscapi/protocols/ReplicatedSecretSharing3Parties/ZpKaratsubaElement.h">
			<Option target="ReplicatedSecretSharing3Parties"/>
		</Unit>
		<Unit filename="/home/liork/libscapi/protocols/ReplicatedSecretSharing3Parties/ZpMersenneIntElement.cpp">
			<Option target="ReplicatedSecretSharing3Parties"/>
		</Unit>
		<Unit filename="/home/liork/libscapi/protocols/ReplicatedSecretSharing3Parties/ZpMersenneIntElement.h">
			<Option target="ReplicatedSecretSharing3Parties"/>
		</Unit>
		<Unit filename="/home/liork/libscapi/protocols/ReplicatedSecretSharing3Parties/ZpMersenneLongElement.cpp">
			<Option target="ReplicatedSecretSharing3Parties"/>
		</Unit>
		<Unit filename="/home/liork/libscapi/protocols/ReplicatedSecretSharing3Parties/ZpMersenneLongElement.h">
			<Option target="ReplicatedSecretSharing3Parties"/>
		</Unit>
		<Unit filename="/home/liork/libscapi/protocols/ReplicatedSecretSharing3Parties/main.cpp">
			<Option target="ReplicatedSecretSharing3Parties"/>
		</Unit>
		<Unit filename="/home/liork/libscapi/protocols/ReplicatedSecretSharing3Parties/CMakeLists.txt">
			<Option virtualFolder="CMake Files\"/>
		</Unit>
	</Project>
</CodeBlocks_project_file>
