<?xml version="1.0" encoding="UTF-8"?>
<CodeBlocks_project_file>
	<FileVersion major="1" minor="6"/>
	<Project>
		<Option title="SemiHonestYao"/>
		<Option makefile_is_custom="1"/>
		<Option compiler="gcc"/>
		<Option virtualFolders="CMake Files\;"/>
		<Build>
			<Target title="all">
				<Option working_dir="/home/liork/libscapi/protocols/SemiHonestYao"/>
				<Option type="4"/>
				<MakeCommands>
					<Build command="/usr/bin/make -f &quot;/home/liork/libscapi/protocols/SemiHonestYao/Makefile&quot;  VERBOSE=1 all"/>
					<CompileFile command="/usr/bin/make -f &quot;/home/liork/libscapi/protocols/SemiHonestYao/Makefile&quot;  VERBOSE=1 &quot;$file&quot;"/>
					<Clean command="/usr/bin/make -f &quot;/home/liork/libscapi/protocols/SemiHonestYao/Makefile&quot;  VERBOSE=1 clean"/>
					<DistClean command="/usr/bin/make -f &quot;/home/liork/libscapi/protocols/SemiHonestYao/Makefile&quot;  VERBOSE=1 clean"/>
				</MakeCommands>
			</Target>
			<Target title="rebuild_cache">
				<Option working_dir="/home/liork/libscapi/protocols/SemiHonestYao"/>
				<Option type="4"/>
				<MakeCommands>
					<Build command="/usr/bin/make -f &quot;/home/liork/libscapi/protocols/SemiHonestYao/Makefile&quot;  VERBOSE=1 rebuild_cache"/>
					<CompileFile command="/usr/bin/make -f &quot;/home/liork/libscapi/protocols/SemiHonestYao/Makefile&quot;  VERBOSE=1 &quot;$file&quot;"/>
					<Clean command="/usr/bin/make -f &quot;/home/liork/libscapi/protocols/SemiHonestYao/Makefile&quot;  VERBOSE=1 clean"/>
					<DistClean command="/usr/bin/make -f &quot;/home/liork/libscapi/protocols/SemiHonestYao/Makefile&quot;  VERBOSE=1 clean"/>
				</MakeCommands>
			</Target>
			<Target title="edit_cache">
				<Option working_dir="/home/liork/libscapi/protocols/SemiHonestYao"/>
				<Option type="4"/>
				<MakeCommands>
					<Build command="/usr/bin/make -f &quot;/home/liork/libscapi/protocols/SemiHonestYao/Makefile&quot;  VERBOSE=1 edit_cache"/>
					<CompileFile command="/usr/bin/make -f &quot;/home/liork/libscapi/protocols/SemiHonestYao/Makefile&quot;  VERBOSE=1 &quot;$file&quot;"/>
					<Clean command="/usr/bin/make -f &quot;/home/liork/libscapi/protocols/SemiHonestYao/Makefile&quot;  VERBOSE=1 clean"/>
					<DistClean command="/usr/bin/make -f &quot;/home/liork/libscapi/protocols/SemiHonestYao/Makefile&quot;  VERBOSE=1 clean"/>
				</MakeCommands>
			</Target>
			<Target title="SemiHonestYao">
				<Option output="/home/liork/libscapi/protocols/SemiHonestYao/SemiHonestYao" prefix_auto="0" extension_auto="0"/>
				<Option working_dir="/home/liork/libscapi/protocols/SemiHonestYao"/>
				<Option object_output="./"/>
				<Option type="1"/>
				<Option compiler="gcc"/>
				<Compiler>
					<Add directory="/home/liork"/>
					<Add directory="/home/liork/libscapi/install/include"/>
					<Add directory="/home/liork/libscapi/lib/OTExtensionBristol"/>
					<Add directory="/home/liork/libscapi/install/include/libOTe/cryptoTools"/>
					<Add directory="/home/liork/libscapi/install/include/libOTe"/>
				</Compiler>
				<MakeCommands>
					<Build command="/usr/bin/make -f &quot;/home/liork/libscapi/protocols/SemiHonestYao/Makefile&quot;  VERBOSE=1 SemiHonestYao"/>
					<CompileFile command="/usr/bin/make -f &quot;/home/liork/libscapi/protocols/SemiHonestYao/Makefile&quot;  VERBOSE=1 &quot;$file&quot;"/>
					<Clean command="/usr/bin/make -f &quot;/home/liork/libscapi/protocols/SemiHonestYao/Makefile&quot;  VERBOSE=1 clean"/>
					<DistClean command="/usr/bin/make -f &quot;/home/liork/libscapi/protocols/SemiHonestYao/Makefile&quot;  VERBOSE=1 clean"/>
				</MakeCommands>
			</Target>
			<Target title="SemiHonestYao/fast">
				<Option output="/home/liork/libscapi/protocols/SemiHonestYao/SemiHonestYao" prefix_auto="0" extension_auto="0"/>
				<Option working_dir="/home/liork/libscapi/protocols/SemiHonestYao"/>
				<Option object_output="./"/>
				<Option type="1"/>
				<Option compiler="gcc"/>
				<Compiler>
					<Add directory="/home/liork"/>
					<Add directory="/home/liork/libscapi/install/include"/>
					<Add directory="/home/liork/libscapi/lib/OTExtensionBristol"/>
					<Add directory="/home/liork/libscapi/install/include/libOTe/cryptoTools"/>
					<Add directory="/home/liork/libscapi/install/include/libOTe"/>
				</Compiler>
				<MakeCommands>
					<Build command="/usr/bin/make -f &quot;/home/liork/libscapi/protocols/SemiHonestYao/Makefile&quot;  VERBOSE=1 SemiHonestYao/fast"/>
					<CompileFile command="/usr/bin/make -f &quot;/home/liork/libscapi/protocols/SemiHonestYao/Makefile&quot;  VERBOSE=1 &quot;$file&quot;"/>
					<Clean command="/usr/bin/make -f &quot;/home/liork/libscapi/protocols/SemiHonestYao/Makefile&quot;  VERBOSE=1 clean"/>
					<DistClean command="/usr/bin/make -f &quot;/home/liork/libscapi/protocols/SemiHonestYao/Makefile&quot;  VERBOSE=1 clean"/>
				</MakeCommands>
			</Target>
		</Build>
		<Unit filename="/home/liork/libscapi/protocols/SemiHonestYao/App1.cpp">
			<Option target="SemiHonestYao"/>
		</Unit>
		<Unit filename="/home/liork/libscapi/protocols/SemiHonestYao/YaoParties.cpp">
			<Option target="SemiHonestYao"/>
		</Unit>
		<Unit filename="/home/liork/libscapi/protocols/SemiHonestYao/YaoParties.hpp">
			<Option target="SemiHonestYao"/>
		</Unit>
		<Unit filename="/home/liork/libscapi/protocols/SemiHonestYao/CMakeLists.txt">
			<Option virtualFolder="CMake Files\"/>
		</Unit>
	</Project>
</CodeBlocks_project_file>
